
Microsoft Visual Studio Solution File, Format Version 12.00
# Visual Studio Version 17
VisualStudioVersion = 17.0.31903.59
MinimumVisualStudioVersion = 10.0.40219.1
Project("{2150E333-8FDC-42A3-9474-1A3956D46DE8}") = "src", "src", "{827E0CD3-B72D-47B6-A68D-7590B98EB39B}"
EndProject
Project("{FAE04EC0-301F-11D3-BF4B-00C04F79EFBC}") = "ScadBundler.Core", "src\ScadBundler.Core\ScadBundler.Core.csproj", "{E53892EF-463C-41C7-8BBC-E9DAF129A635}"
EndProject
Project("{2150E333-8FDC-42A3-9474-1A3956D46DE8}") = "tests", "tests", "{0AB3BF05-4346-4AA6-1389-037BE0695223}"
EndProject
Project("{FAE04EC0-301F-11D3-BF4B-00C04F79EFBC}") = "ScadBundler.Core.Tests", "tests\ScadBundler.Core.Tests\ScadBundler.Core.Tests.csproj", "{E43B8764-D378-43F3-9EC0-4B95E9A66769}"
EndProject
Project("{FAE04EC0-301F-11D3-BF4B-00C04F79EFBC}") = "ScadBundler", "src\ScadBundler\ScadBundler.csproj", "{2BCC0945-220F-4C82-8D57-EF6A31CE4918}"
EndProject
Project("{FAE04EC0-301F-11D3-BF4B-00C04F79EFBC}") = "ScadBundler.Cli.Tests", "tests\ScadBundler.Cli.Tests\ScadBundler.Cli.Tests.csproj", "{0C455012-4726-4BB8-A6C4-4955BB933CE8}"
EndProject
Global
	GlobalSection(SolutionConfigurationPlatforms) = preSolution
		Debug|Any CPU = Debug|Any CPU
		Debug|x64 = Debug|x64
		Debug|x86 = Debug|x86
		Release|Any CPU = Release|Any CPU
		Release|x64 = Release|x64
		Release|x86 = Release|x86
	EndGlobalSection
	GlobalSection(ProjectConfigurationPlatforms) = postSolution
		{E53892EF-463C-41C7-8BBC-E9DAF129A635}.Debug|Any CPU.ActiveCfg = Debug|Any CPU
		{E53892EF-463C-41C7-8BBC-E9DAF129A635}.Debug|Any CPU.Build.0 = Debug|Any CPU
		{E53892EF-463C-41C7-8BBC-E9DAF129A635}.Debug|x64.ActiveCfg = Debug|Any CPU
		{E53892EF-463C-41C7-8BBC-E9DAF129A635}.Debug|x64.Build.0 = Debug|Any CPU
		{E53892EF-463C-41C7-8BBC-E9DAF129A635}.Debug|x86.ActiveCfg = Debug|Any CPU
		{E53892EF-463C-41C7-8BBC-E9DAF129A635}.Debug|x86.Build.0 = Debug|Any CPU
		{E53892EF-463C-41C7-8BBC-E9DAF129A635}.Release|Any CPU.ActiveCfg = Release|Any CPU
		{E53892EF-463C-41C7-8BBC-E9DAF129A635}.Release|Any CPU.Build.0 = Release|Any CPU
		{E53892EF-463C-41C7-8BBC-E9DAF129A635}.Release|x64.ActiveCfg = Release|Any CPU
		{E53892EF-463C-41C7-8BBC-E9DAF129A635}.Release|x64.Build.0 = Release|Any CPU
		{E53892EF-463C-41C7-8BBC-E9DAF129A635}.Release|x86.ActiveCfg = Release|Any CPU
		{E53892EF-463C-41C7-8BBC-E9DAF129A635}.Release|x86.Build.0 = Release|Any CPU
		{E43B8764-D378-43F3-9EC0-4B95E9A66769}.Debug|Any CPU.ActiveCfg = Debug|Any CPU
		{E43B8764-D378-43F3-9EC0-4B95E9A66769}.Debug|Any CPU.Build.0 = Debug|Any CPU
		{E43B8764-D378-43F3-9EC0-4B95E9A66769}.Debug|x64.ActiveCfg = Debug|Any CPU
		{E43B8764-D378-43F3-9EC0-4B95E9A66769}.Debug|x64.Build.0 = Debug|Any CPU
		{E43B8764-D378-43F3-9EC0-4B95E9A66769}.Debug|x86.ActiveCfg = Debug|Any CPU
		{E43B8764-D378-43F3-9EC0-4B95E9A66769}.Debug|x86.Build.0 = Debug|Any CPU
		{E43B8764-D378-43F3-9EC0-4B95E9A66769}.Release|Any CPU.ActiveCfg = Release|Any CPU
		{E43B8764-D378-43F3-9EC0-4B95E9A66769}.Release|Any CPU.Build.0 = Release|Any CPU
		{E43B8764-D378-43F3-9EC0-4B95E9A66769}.Release|x64.ActiveCfg = Release|Any CPU
		{E43B8764-D378-43F3-9EC0-4B95E9A66769}.Release|x64.Build.0 = Release|Any CPU
		{E43B8764-D378-43F3-9EC0-4B95E9A66769}.Release|x86.ActiveCfg = Release|Any CPU
		{E43B8764-D378-43F3-9EC0-4B95E9A66769}.Release|x86.Build.0 = Release|Any CPU
		{2BCC0945-220F-4C82-8D57-EF6A31CE4918}.Debug|Any CPU.ActiveCfg = Debug|Any CPU
		{2BCC0945-220F-4C82-8D57-EF6A31CE4918}.Debug|Any CPU.Build.0 = Debug|Any CPU
		{2BCC0945-220F-4C82-8D57-EF6A31CE4918}.Debug|x64.ActiveCfg = Debug|Any CPU
		{2BCC0945-220F-4C82-8D57-EF6A31CE4918}.Debug|x64.Build.0 = Debug|Any CPU
		{2BCC0945-220F-4C82-8D57-EF6A31CE4918}.Debug|x86.ActiveCfg = Debug|Any CPU
		{2BCC0945-220F-4C82-8D57-EF6A31CE4918}.Debug|x86.Build.0 = Debug|Any CPU
		{2BCC0945-220F-4C82-8D57-EF6A31CE4918}.Release|Any CPU.ActiveCfg = Release|Any CPU
		{2BCC0945-220F-4C82-8D57-EF6A31CE4918}.Release|Any CPU.Build.0 = Release|Any CPU
		{2BCC0945-220F-4C82-8D57-EF6A31CE4918}.Release|x64.ActiveCfg = Release|Any CPU
		{2BCC0945-220F-4C82-8D57-EF6A31CE4918}.Release|x64.Build.0 = Release|Any CPU
		{2BCC0945-220F-4C82-8D57-EF6A31CE4918}.Release|x86.ActiveCfg = Release|Any CPU
		{2BCC0945-220F-4C82-8D57-EF6A31CE4918}.Release|x86.Build.0 = Release|Any CPU
		{0C455012-4726-4BB8-A6C4-4955BB933CE8}.Debug|Any CPU.ActiveCfg = Debug|Any CPU
		{0C455012-4726-4BB8-A6C4-4955BB933CE8}.Debug|Any CPU.Build.0 = Debug|Any CPU
		{0C455012-4726-4BB8-A6C4-4955BB933CE8}.Debug|x64.ActiveCfg = Debug|Any CPU
		{0C455012-4726-4BB8-A6C4-4955BB933CE8}.Debug|x64.Build.0 = Debug|Any CPU
		{0C455012-4726-4BB8-A6C4-4955BB933CE8}.Debug|x86.ActiveCfg = Debug|Any CPU
		{0C455012-4726-4BB8-A6C4-4955BB933CE8}.Debug|x86.Build.0 = Debug|Any CPU
		{0C455012-4726-4BB8-A6C4-4955BB933CE8}.Release|Any CPU.ActiveCfg = Release|Any CPU
		{0C455012-4726-4BB8-A6C4-4955BB933CE8}.Release|Any CPU.Build.0 = Release|Any CPU
		{0C455012-4726-4BB8-A6C4-4955BB933CE8}.Release|x64.ActiveCfg = Release|Any CPU
		{0C455012-4726-4BB8-A6C4-4955BB933CE8}.Release|x64.Build.0 = Release|Any CPU
		{0C455012-4726-4BB8-A6C4-4955BB933CE8}.Release|x86.ActiveCfg = Release|Any CPU
		{0C455012-4726-4BB8-A6C4-4955BB933CE8}.Release|x86.Build.0 = Release|Any CPU
	EndGlobalSection
	GlobalSection(SolutionProperties) = preSolution
		HideSolutionNode = FALSE
	EndGlobalSection
	GlobalSection(NestedProjects) = preSolution
		{E53892EF-463C-41C7-8BBC-E9DAF129A635} = {827E0CD3-B72D-47B6-A68D-7590B98EB39B}
		{E43B8764-D378-43F3-9EC0-4B95E9A66769} = {0AB3BF05-4346-4AA6-1389-037BE0695223}
		{2BCC0945-220F-4C82-8D57-EF6A31CE4918} = {827E0CD3-B72D-47B6-A68D-7590B98EB39B}
		{0C455012-4726-4BB8-A6C4-4955BB933CE8} = {0AB3BF05-4346-4AA6-1389-037BE0695223}
	EndGlobalSection
EndGlobal
